
Microsoft Visual Studio Solution File, Format Version 12.00
# Visual Studio Version 16
VisualStudioVersion = 16.0.30204.135
MinimumVisualStudioVersion = 10.0.40219.1
Project("{FAE04EC0-301F-11D3-BF4B-00C04F79EFBC}") = "LeetCode", "LeetCode.csproj", "{575BA4CF-92B2-41D1-B6D0-59C64B22260F}"
EndProject
Global
	GlobalSection(SolutionConfigurationPlatforms) = preSolution
		Debug|Any CPU = Debug|Any CPU
		Release|Any CPU = Release|Any CPU
	EndGlobalSection
	GlobalSection(ProjectConfigurationPlatforms) = postSolution
		{575BA4CF-92B2-41D1-B6D0-59C64B22260F}.Debug|Any CPU.ActiveCfg = Debug|Any CPU
		{575BA4CF-92B2-41D1-B6D0-59C64B22260F}.Debug|Any CPU.Build.0 = Debug|Any CPU
		{575BA4CF-92B2-41D1-B6D0-59C64B22260F}.Release|Any CPU.ActiveCfg = Release|Any CPU
		{575BA4CF-92B2-41D1-B6D0-59C64B22260F}.Release|Any CPU.Build.0 = Release|Any CPU
	EndGlobalSection
	GlobalSection(SolutionProperties) = preSolution
		HideSolutionNode = FALSE
	EndGlobalSection
	GlobalSection(ExtensibilityGlobals) = postSolution
		SolutionGuid = {56747B50-6584-428E-87C2-4D6CFC4B6227}
	EndGlobalSection
EndGlobal
